<Solution>
  <Folder Name="/src/">
    <Project Path="src/Ledwright.App/Ledwright.App.csproj" />
    <Project Path="src/Ledwright.Cli/Ledwright.Cli.csproj" />
    <Project Path="src/Ledwright.Core/Ledwright.Core.csproj" />
  </Folder>
  <Folder Name="/tests/">
    <Project Path="tests/Ledwright.Core.Tests/Ledwright.Core.Tests.csproj" />
  </Folder>
</Solution>
